
Microsoft Visual Studio Solution File, Format Version 12.00
# Visual Studio Version 17
VisualStudioVersion = 17.0.31912.275
MinimumVisualStudioVersion = 10.0.40219.1
Project("{FAE04EC0-301F-11D3-BF4B-00C04F79EFBC}") = "StoreProject", "StoreProject.csproj", "{FFCF8319-34B4-4803-9318-1F791C5914D6}"
EndProject
Global
	GlobalSection(SolutionConfigurationPlatforms) = preSolution
		Debug|Any CPU = Debug|Any CPU
		Release|Any CPU = Release|Any CPU
	EndGlobalSection
	GlobalSection(ProjectConfigurationPlatforms) = postSolution
		{FFCF8319-34B4-4803-9318-1F791C5914D6}.Debug|Any CPU.ActiveCfg = Debug|Any CPU
		{FFCF8319-34B4-4803-9318-1F791C5914D6}.Debug|Any CPU.Build.0 = Debug|Any CPU
		{FFCF8319-34B4-4803-9318-1F791C5914D6}.Release|Any CPU.ActiveCfg = Release|Any CPU
		{FFCF8319-34B4-4803-9318-1F791C5914D6}.Release|Any CPU.Build.0 = Release|Any CPU
	EndGlobalSection
	GlobalSection(SolutionProperties) = preSolution
		HideSolutionNode = FALSE
	EndGlobalSection
	GlobalSection(ExtensibilityGlobals) = postSolution
		SolutionGuid = {78EBFA0C-A88D-4367-B9BE-7A29FD16C082}
	EndGlobalSection
EndGlobal
